version: 1.0
shards:
  db:
    github: crystal-lang/crystal-db
    version: 0.3.3

  pg:
    github: will/crystal-pg
    version: 0.13.1

  redis:
    github: stefanwille/crystal-redis
    version: 1.7.1

  state_machine:
    github: luislavena/crystal-state_machine
    commit: 7f62aa50e8d65ea52a25d337294bc6e18c185b5a

